
Microsoft Visual Studio Solution File, Format Version 12.00
# Visual Studio Version 16
VisualStudioVersion = 16.0.32002.261
MinimumVisualStudioVersion = 10.0.40219.1
Project("{FAE04EC0-301F-11D3-BF4B-00C04F79EFBC}") = "WebApplication1", "WebApplication1\WebApplication1.csproj", "{CDC72239-C5EA-4860-A582-B86B03EE204E}"
EndProject
Global
	GlobalSection(SolutionConfigurationPlatforms) = preSolution
		Debug|Any CPU = Debug|Any CPU
		Release|Any CPU = Release|Any CPU
	EndGlobalSection
	GlobalSection(ProjectConfigurationPlatforms) = postSolution
		{CDC72239-C5EA-4860-A582-B86B03EE204E}.Debug|Any CPU.ActiveCfg = Debug|Any CPU
		{CDC72239-C5EA-4860-A582-B86B03EE204E}.Debug|Any CPU.Build.0 = Debug|Any CPU
		{CDC72239-C5EA-4860-A582-B86B03EE204E}.Release|Any CPU.ActiveCfg = Release|Any CPU
		{CDC72239-C5EA-4860-A582-B86B03EE204E}.Release|Any CPU.Build.0 = Release|Any CPU
	EndGlobalSection
	GlobalSection(SolutionProperties) = preSolution
		HideSolutionNode = FALSE
	EndGlobalSection
	GlobalSection(ExtensibilityGlobals) = postSolution
		SolutionGuid = {A4BBBAB6-DCA0-47D5-A014-0E3A6435D5B6}
	EndGlobalSection
EndGlobal
